
Microsoft Visual Studio Solution File, Format Version 12.00
# Visual Studio Version 17
VisualStudioVersion = 17.0.32014.148
MinimumVisualStudioVersion = 10.0.40219.1
Project("{FAE04EC0-301F-11D3-BF4B-00C04F79EFBC}") = "tour-guide", "tour-guide.csproj", "{1A3F1BCA-883F-41FB-A299-289AF2022188}"
EndProject
Global
	GlobalSection(SolutionConfigurationPlatforms) = preSolution
		Debug|Any CPU = Debug|Any CPU
		Release|Any CPU = Release|Any CPU
	EndGlobalSection
	GlobalSection(ProjectConfigurationPlatforms) = postSolution
		{1A3F1BCA-883F-41FB-A299-289AF2022188}.Debug|Any CPU.ActiveCfg = Debug|Any CPU
		{1A3F1BCA-883F-41FB-A299-289AF2022188}.Debug|Any CPU.Build.0 = Debug|Any CPU
		{1A3F1BCA-883F-41FB-A299-289AF2022188}.Release|Any CPU.ActiveCfg = Release|Any CPU
		{1A3F1BCA-883F-41FB-A299-289AF2022188}.Release|Any CPU.Build.0 = Release|Any CPU
	EndGlobalSection
	GlobalSection(SolutionProperties) = preSolution
		HideSolutionNode = FALSE
	EndGlobalSection
	GlobalSection(ExtensibilityGlobals) = postSolution
		SolutionGuid = {586165E5-6ED4-4C0F-9028-CE46B96CE342}
	EndGlobalSection
EndGlobal
