
Microsoft Visual Studio Solution File, Format Version 12.00
# Visual Studio Version 17
VisualStudioVersion = 17.0.31912.275
MinimumVisualStudioVersion = 10.0.40219.1
Project("{9A19103F-16F7-4668-BE54-9A1E7A4F7556}") = "TourGuide", "TourGuide\TourGuide.csproj", "{9F75E581-0DEE-4A8F-AC32-C514204FF581}"
EndProject
Project("{9A19103F-16F7-4668-BE54-9A1E7A4F7556}") = "TourGuideTests", "TourGuideTests\TourGuideTests.csproj", "{68F22007-3898-4CDF-8922-3684AD0BF70E}"
EndProject
Project("{FAE04EC0-301F-11D3-BF4B-00C04F79EFBC}") = "TourGuideUI", "TourGuideUI\TourGuideUI.csproj", "{3A5E5354-F4F8-4D4C-A008-46B002D10C6E}"
EndProject
Global
	GlobalSection(SolutionConfigurationPlatforms) = preSolution
		Debug|Any CPU = Debug|Any CPU
		Release|Any CPU = Release|Any CPU
	EndGlobalSection
	GlobalSection(ProjectConfigurationPlatforms) = postSolution
		{9F75E581-0DEE-4A8F-AC32-C514204FF581}.Debug|Any CPU.ActiveCfg = Debug|Any CPU
		{9F75E581-0DEE-4A8F-AC32-C514204FF581}.Debug|Any CPU.Build.0 = Debug|Any CPU
		{9F75E581-0DEE-4A8F-AC32-C514204FF581}.Release|Any CPU.ActiveCfg = Release|Any CPU
		{9F75E581-0DEE-4A8F-AC32-C514204FF581}.Release|Any CPU.Build.0 = Release|Any CPU
		{68F22007-3898-4CDF-8922-3684AD0BF70E}.Debug|Any CPU.ActiveCfg = Debug|Any CPU
		{68F22007-3898-4CDF-8922-3684AD0BF70E}.Debug|Any CPU.Build.0 = Debug|Any CPU
		{68F22007-3898-4CDF-8922-3684AD0BF70E}.Release|Any CPU.ActiveCfg = Release|Any CPU
		{68F22007-3898-4CDF-8922-3684AD0BF70E}.Release|Any CPU.Build.0 = Release|Any CPU
		{3A5E5354-F4F8-4D4C-A008-46B002D10C6E}.Debug|Any CPU.ActiveCfg = Debug|Any CPU
		{3A5E5354-F4F8-4D4C-A008-46B002D10C6E}.Debug|Any CPU.Build.0 = Debug|Any CPU
		{3A5E5354-F4F8-4D4C-A008-46B002D10C6E}.Release|Any CPU.ActiveCfg = Release|Any CPU
		{3A5E5354-F4F8-4D4C-A008-46B002D10C6E}.Release|Any CPU.Build.0 = Release|Any CPU
	EndGlobalSection
	GlobalSection(SolutionProperties) = preSolution
		HideSolutionNode = FALSE
	EndGlobalSection
	GlobalSection(ExtensibilityGlobals) = postSolution
		SolutionGuid = {1A50F40F-215B-40DB-99E8-ABF84AD47768}
	EndGlobalSection
EndGlobal
